
Microsoft Visual Studio Solution File, Format Version 12.00
# Visual Studio 14
VisualStudioVersion = 14.0.23107.0
MinimumVisualStudioVersion = 10.0.40219.1
Project("{FAE04EC0-301F-11D3-BF4B-00C04F79EFBC}") = "KundeGUI", "KundeGUI\KundeGUI.csproj", "{2CB405EC-AC38-454C-84CB-CF4E2F4443F0}"
EndProject
Project("{2150E333-8FDC-42A3-9474-1A3956D46DE8}") = "PublishScripts", "PublishScripts", "{F8373445-4883-4102-B4DD-96BCF6942041}"
EndProject
Project("{2150E333-8FDC-42A3-9474-1A3956D46DE8}") = "Scripts", "Scripts", "{E5760104-C0D4-457F-9431-C737BA7BD49E}"
	ProjectSection(SolutionItems) = preProject
		PublishScripts\Scripts\Deploy-AzureResourceGroup.ps1 = PublishScripts\Scripts\Deploy-AzureResourceGroup.ps1
	EndProjectSection
EndProject
Project("{2150E333-8FDC-42A3-9474-1A3956D46DE8}") = "Templates", "Templates", "{881F2F93-8418-4B64-B55E-F9E918C17886}"
	ProjectSection(SolutionItems) = preProject
		PublishScripts\Templates\KundeGUI.json = PublishScripts\Templates\KundeGUI.json
		PublishScripts\Templates\KundeGUI.param.dev.json = PublishScripts\Templates\KundeGUI.param.dev.json
	EndProjectSection
EndProject
Global
	GlobalSection(SolutionConfigurationPlatforms) = preSolution
		Debug|Any CPU = Debug|Any CPU
		Release|Any CPU = Release|Any CPU
	EndGlobalSection
	GlobalSection(ProjectConfigurationPlatforms) = postSolution
		{2CB405EC-AC38-454C-84CB-CF4E2F4443F0}.Debug|Any CPU.ActiveCfg = Debug|Any CPU
		{2CB405EC-AC38-454C-84CB-CF4E2F4443F0}.Debug|Any CPU.Build.0 = Debug|Any CPU
		{2CB405EC-AC38-454C-84CB-CF4E2F4443F0}.Release|Any CPU.ActiveCfg = Release|Any CPU
		{2CB405EC-AC38-454C-84CB-CF4E2F4443F0}.Release|Any CPU.Build.0 = Release|Any CPU
	EndGlobalSection
	GlobalSection(SolutionProperties) = preSolution
		HideSolutionNode = FALSE
	EndGlobalSection
	GlobalSection(NestedProjects) = preSolution
		{E5760104-C0D4-457F-9431-C737BA7BD49E} = {F8373445-4883-4102-B4DD-96BCF6942041}
		{881F2F93-8418-4B64-B55E-F9E918C17886} = {F8373445-4883-4102-B4DD-96BCF6942041}
	EndGlobalSection
EndGlobal
