
Microsoft Visual Studio Solution File, Format Version 12.00
# Visual Studio 14
VisualStudioVersion = 14.0.23107.0
MinimumVisualStudioVersion = 10.0.40219.1
Project("{FAE04EC0-301F-11D3-BF4B-00C04F79EFBC}") = "Kunde", "Kunde\Kunde.csproj", "{F924D5C5-6224-44C5-B7AB-73B2B8A434D5}"
EndProject
Project("{FAE04EC0-301F-11D3-BF4B-00C04F79EFBC}") = "Kunde.Data", "Kunde.Data\Kunde.Data.csproj", "{79B10088-7ECE-487E-B104-5F3E0EB3C08A}"
EndProject
Global
	GlobalSection(SolutionConfigurationPlatforms) = preSolution
		Debug|Any CPU = Debug|Any CPU
		Release|Any CPU = Release|Any CPU
	EndGlobalSection
	GlobalSection(ProjectConfigurationPlatforms) = postSolution
		{F924D5C5-6224-44C5-B7AB-73B2B8A434D5}.Debug|Any CPU.ActiveCfg = Debug|Any CPU
		{F924D5C5-6224-44C5-B7AB-73B2B8A434D5}.Debug|Any CPU.Build.0 = Debug|Any CPU
		{F924D5C5-6224-44C5-B7AB-73B2B8A434D5}.Release|Any CPU.ActiveCfg = Release|Any CPU
		{F924D5C5-6224-44C5-B7AB-73B2B8A434D5}.Release|Any CPU.Build.0 = Release|Any CPU
		{79B10088-7ECE-487E-B104-5F3E0EB3C08A}.Debug|Any CPU.ActiveCfg = Debug|Any CPU
		{79B10088-7ECE-487E-B104-5F3E0EB3C08A}.Debug|Any CPU.Build.0 = Debug|Any CPU
		{79B10088-7ECE-487E-B104-5F3E0EB3C08A}.Release|Any CPU.ActiveCfg = Release|Any CPU
		{79B10088-7ECE-487E-B104-5F3E0EB3C08A}.Release|Any CPU.Build.0 = Release|Any CPU
	EndGlobalSection
	GlobalSection(SolutionProperties) = preSolution
		HideSolutionNode = FALSE
	EndGlobalSection
EndGlobal
